// !$*UTF8*$!
{
	archiveVersion = 1;
	classes = {
	};
	objectVersion = 46;
	objects = {

/* Begin PBXBuildFile section */
		2B0CB413140D4C4B00153D0F /* AppDelegate.mm in Sources */ = {isa = PBXBuildFile; fileRef = 2B0CB412140D4C4B00153D0F /* AppDelegate.mm */; };
		2B0CB415140D4C4B00153D0F /* en.strings in Resources */ = {isa = PBXBuildFile; fileRef = 2B0CB414140D4C4B00153D0F /* en.strings */; };
		2B0CB417140D4C4B00153D0F /* main.m in Sources */ = {isa = PBXBuildFile; fileRef = 2B0CB416140D4C4B00153D0F /* main.m */; };
		2B0CB419140D4C4B00153D0F /* main.pch in Resources */ = {isa = PBXBuildFile; fileRef = 2B0CB418140D4C4B00153D0F /* main.pch */; };
		2B0CB41C140D4C4B00153D0F /* main.xib in Resources */ = {isa = PBXBuildFile; fileRef = 2B0CB41B140D4C4B00153D0F /* main.xib */; };
		2B0CB41F140D4C4B00153D0F /* poOpenGLView.mm in Sources */ = {isa = PBXBuildFile; fileRef = 2B0CB41E140D4C4B00153D0F /* poOpenGLView.mm */; };
		2B0CB423140D4C4B00153D0F /* KinectTouchSampleApp.cpp in Sources */ = {isa = PBXBuildFile; fileRef = 2B0CB422140D4C4B00153D0F /* KinectTouchSampleApp.cpp */; };
		2B2B2473140D6B950088B3B0 /* KinectTouch.cpp in Sources */ = {isa = PBXBuildFile; fileRef = 2B2B2471140D6B950088B3B0 /* KinectTouch.cpp */; };
/* End PBXBuildFile section */

/* Begin PBXFileReference section */
		2B0CB40A140D4C4A00153D0F /* KinectTouchSample.app */ = {isa = PBXFileReference; explicitFileType = wrapper.application; includeInIndex = 0; path = KinectTouchSample.app; sourceTree = BUILT_PRODUCTS_DIR; };
		2B0CB40F140D4C4B00153D0F /* Debug.xcconfig */ = {isa = PBXFileReference; lastKnownFileType = text.xcconfig; name = Debug.xcconfig; path = ../platform/Debug.xcconfig; sourceTree = "<group>"; };
		2B0CB410140D4C4B00153D0F /* Release.xcconfig */ = {isa = PBXFileReference; lastKnownFileType = text.xcconfig; name = Release.xcconfig; path = ../platform/Release.xcconfig; sourceTree = "<group>"; };
		2B0CB411140D4C4B00153D0F /* AppDelegate.h */ = {isa = PBXFileReference; lastKnownFileType = sourcecode.c.h; name = AppDelegate.h; path = ../platform/AppDelegate.h; sourceTree = "<group>"; };
		2B0CB412140D4C4B00153D0F /* AppDelegate.mm */ = {isa = PBXFileReference; lastKnownFileType = sourcecode.cpp.objcpp; name = AppDelegate.mm; path = ../platform/AppDelegate.mm; sourceTree = "<group>"; };
		2B0CB414140D4C4B00153D0F /* en.strings */ = {isa = PBXFileReference; lastKnownFileType = text.plist.strings; name = en.strings; path = ../platform/en.strings; sourceTree = "<group>"; };
		2B0CB416140D4C4B00153D0F /* main.m */ = {isa = PBXFileReference; lastKnownFileType = sourcecode.c.objc; name = main.m; path = ../platform/main.m; sourceTree = "<group>"; };
		2B0CB418140D4C4B00153D0F /* main.pch */ = {isa = PBXFileReference; lastKnownFileType = sourcecode.c.h; name = main.pch; path = ../platform/main.pch; sourceTree = "<group>"; };
		2B0CB41A140D4C4B00153D0F /* main.plist */ = {isa = PBXFileReference; lastKnownFileType = text.plist.xml; name = main.plist; path = ../platform/main.plist; sourceTree = "<group>"; };
		2B0CB41B140D4C4B00153D0F /* main.xib */ = {isa = PBXFileReference; lastKnownFileType = file.xib; name = main.xib; path = ../platform/main.xib; sourceTree = "<group>"; };
		2B0CB41D140D4C4B00153D0F /* poOpenGLView.h */ = {isa = PBXFileReference; lastKnownFileType = sourcecode.c.h; name = poOpenGLView.h; path = ../platform/poOpenGLView.h; sourceTree = "<group>"; };
		2B0CB41E140D4C4B00153D0F /* poOpenGLView.mm */ = {isa = PBXFileReference; lastKnownFileType = sourcecode.cpp.objcpp; name = poOpenGLView.mm; path = ../platform/poOpenGLView.mm; sourceTree = "<group>"; };
		2B0CB421140D4C4B00153D0F /* KinectTouchSampleApp.h */ = {isa = PBXFileReference; lastKnownFileType = sourcecode.c.h; path = KinectTouchSampleApp.h; sourceTree = "<group>"; };
		2B0CB422140D4C4B00153D0F /* KinectTouchSampleApp.cpp */ = {isa = PBXFileReference; lastKnownFileType = sourcecode.cpp.cpp; path = KinectTouchSampleApp.cpp; sourceTree = "<group>"; };
		2B2B2471140D6B950088B3B0 /* KinectTouch.cpp */ = {isa = PBXFileReference; fileEncoding = 4; lastKnownFileType = sourcecode.cpp.cpp; path = KinectTouch.cpp; sourceTree = "<group>"; };
		2B2B2472140D6B950088B3B0 /* KinectTouch.h */ = {isa = PBXFileReference; fileEncoding = 4; lastKnownFileType = sourcecode.c.h; path = KinectTouch.h; sourceTree = "<group>"; };
/* End PBXFileReference section */

/* Begin PBXFrameworksBuildPhase section */
		2B0CB407140D4C4A00153D0F /* Frameworks */ = {
			isa = PBXFrameworksBuildPhase;
			buildActionMask = 2147483647;
			files = (
			);
			runOnlyForDeploymentPostprocessing = 0;
		};
/* End PBXFrameworksBuildPhase section */

/* Begin PBXGroup section */
		2B0CB3FF140D4C4A00153D0F = {
			isa = PBXGroup;
			children = (
				2B0CB40D140D4C4A00153D0F /* KinectTouchSample */,
				2B0CB40B140D4C4A00153D0F /* Products */,
			);
			sourceTree = "<group>";
		};
		2B0CB40B140D4C4A00153D0F /* Products */ = {
			isa = PBXGroup;
			children = (
				2B0CB40A140D4C4A00153D0F /* KinectTouchSample.app */,
			);
			name = Products;
			sourceTree = "<group>";
		};
		2B0CB40D140D4C4A00153D0F /* KinectTouchSample */ = {
			isa = PBXGroup;
			children = (
				2B0CB40E140D4C4B00153D0F /* platform */,
				2B0CB420140D4C4B00153D0F /* application */,
			);
			path = KinectTouchSample;
			sourceTree = "<group>";
		};
		2B0CB40E140D4C4B00153D0F /* platform */ = {
			isa = PBXGroup;
			children = (
				2B0CB40F140D4C4B00153D0F /* Debug.xcconfig */,
				2B0CB410140D4C4B00153D0F /* Release.xcconfig */,
				2B0CB411140D4C4B00153D0F /* AppDelegate.h */,
				2B0CB412140D4C4B00153D0F /* AppDelegate.mm */,
				2B0CB414140D4C4B00153D0F /* en.strings */,
				2B0CB416140D4C4B00153D0F /* main.m */,
				2B0CB418140D4C4B00153D0F /* main.pch */,
				2B0CB41A140D4C4B00153D0F /* main.plist */,
				2B0CB41B140D4C4B00153D0F /* main.xib */,
				2B0CB41D140D4C4B00153D0F /* poOpenGLView.h */,
				2B0CB41E140D4C4B00153D0F /* poOpenGLView.mm */,
			);
			name = platform;
			sourceTree = "<group>";
		};
		2B0CB420140D4C4B00153D0F /* application */ = {
			isa = PBXGroup;
			children = (
				2B2B2471140D6B950088B3B0 /* KinectTouch.cpp */,
				2B2B2472140D6B950088B3B0 /* KinectTouch.h */,
				2B0CB421140D4C4B00153D0F /* KinectTouchSampleApp.h */,
				2B0CB422140D4C4B00153D0F /* KinectTouchSampleApp.cpp */,
			);
			name = application;
			sourceTree = "<group>";
		};
/* End PBXGroup section */

/* Begin PBXNativeTarget section */
		2B0CB409140D4C4A00153D0F /* KinectTouchSample */ = {
			isa = PBXNativeTarget;
			buildConfigurationList = 2B0CB426140D4C4B00153D0F /* Build configuration list for PBXNativeTarget "KinectTouchSample" */;
			buildPhases = (
				2B0CB406140D4C4A00153D0F /* Sources */,
				2B0CB407140D4C4A00153D0F /* Frameworks */,
				2B0CB408140D4C4A00153D0F /* Resources */,
			);
			buildRules = (
			);
			dependencies = (
			);
			name = KinectTouchSample;
			productName = KinectTouchSample;
			productReference = 2B0CB40A140D4C4A00153D0F /* KinectTouchSample.app */;
			productType = "com.apple.product-type.application";
		};
/* End PBXNativeTarget section */

/* Begin PBXProject section */
		2B0CB401140D4C4A00153D0F /* Project object */ = {
			isa = PBXProject;
			attributes = {
				LastUpgradeCheck = 0420;
			};
			buildConfigurationList = 2B0CB404140D4C4A00153D0F /* Build configuration list for PBXProject "KinectTouchSample" */;
			compatibilityVersion = "Xcode 3.2";
			developmentRegion = English;
			hasScannedForEncodings = 0;
			knownRegions = (
				en,
			);
			mainGroup = 2B0CB3FF140D4C4A00153D0F;
			productRefGroup = 2B0CB40B140D4C4A00153D0F /* Products */;
			projectDirPath = "";
			projectRoot = "";
			targets = (
				2B0CB409140D4C4A00153D0F /* KinectTouchSample */,
			);
		};
/* End PBXProject section */

/* Begin PBXResourcesBuildPhase section */
		2B0CB408140D4C4A00153D0F /* Resources */ = {
			isa = PBXResourcesBuildPhase;
			buildActionMask = 2147483647;
			files = (
				2B0CB415140D4C4B00153D0F /* en.strings in Resources */,
				2B0CB419140D4C4B00153D0F /* main.pch in Resources */,
				2B0CB41C140D4C4B00153D0F /* main.xib in Resources */,
			);
			runOnlyForDeploymentPostprocessing = 0;
		};
/* End PBXResourcesBuildPhase section */

/* Begin PBXSourcesBuildPhase section */
		2B0CB406140D4C4A00153D0F /* Sources */ = {
			isa = PBXSourcesBuildPhase;
			buildActionMask = 2147483647;
			files = (
				2B0CB413140D4C4B00153D0F /* AppDelegate.mm in Sources */,
				2B0CB417140D4C4B00153D0F /* main.m in Sources */,
				2B0CB41F140D4C4B00153D0F /* poOpenGLView.mm in Sources */,
				2B0CB423140D4C4B00153D0F /* KinectTouchSampleApp.cpp in Sources */,
				2B2B2473140D6B950088B3B0 /* KinectTouch.cpp in Sources */,
			);
			runOnlyForDeploymentPostprocessing = 0;
		};
/* End PBXSourcesBuildPhase section */

/* Begin XCBuildConfiguration section */
		2B0CB424140D4C4B00153D0F /* Debug */ = {
			isa = XCBuildConfiguration;
			baseConfigurationReference = 2B0CB40F140D4C4B00153D0F /* Debug.xcconfig */;
			buildSettings = {
			};
			name = Debug;
		};
		2B0CB425140D4C4B00153D0F /* Release */ = {
			isa = XCBuildConfiguration;
			baseConfigurationReference = 2B0CB410140D4C4B00153D0F /* Release.xcconfig */;
			buildSettings = {
			};
			name = Release;
		};
		2B0CB427140D4C4B00153D0F /* Debug */ = {
			isa = XCBuildConfiguration;
			buildSettings = {
			};
			name = Debug;
		};
		2B0CB428140D4C4B00153D0F /* Release */ = {
			isa = XCBuildConfiguration;
			buildSettings = {
			};
			name = Release;
		};
/* End XCBuildConfiguration section */

/* Begin XCConfigurationList section */
		2B0CB404140D4C4A00153D0F /* Build configuration list for PBXProject "KinectTouchSample" */ = {
			isa = XCConfigurationList;
			buildConfigurations = (
				2B0CB424140D4C4B00153D0F /* Debug */,
				2B0CB425140D4C4B00153D0F /* Release */,
			);
			defaultConfigurationIsVisible = 0;
			defaultConfigurationName = Release;
		};
		2B0CB426140D4C4B00153D0F /* Build configuration list for PBXNativeTarget "KinectTouchSample" */ = {
			isa = XCConfigurationList;
			buildConfigurations = (
				2B0CB427140D4C4B00153D0F /* Debug */,
				2B0CB428140D4C4B00153D0F /* Release */,
			);
			defaultConfigurationIsVisible = 0;
			defaultConfigurationName = Release;
		};
/* End XCConfigurationList section */
	};
	rootObject = 2B0CB401140D4C4A00153D0F /* Project object */;
}
