// !$*UTF8*$!
{
	archiveVersion = 1;
	classes = {
	};
	objectVersion = 46;
	objects = {

/* Begin PBXBuildFile section */
		E8437D28143BAF3200AA7D12 /* apple.jpg in Resources */ = {isa = PBXBuildFile; fileRef = E8437D27143BAF3200AA7D12 /* apple.jpg */; };
		E84CEC25142A2B98008B3E3E /* UIKit.framework in Frameworks */ = {isa = PBXBuildFile; fileRef = E84CEC24142A2B98008B3E3E /* UIKit.framework */; };
		E84CEC27142A2B98008B3E3E /* Foundation.framework in Frameworks */ = {isa = PBXBuildFile; fileRef = E84CEC26142A2B98008B3E3E /* Foundation.framework */; };
		E84CEC29142A2B98008B3E3E /* CoreGraphics.framework in Frameworks */ = {isa = PBXBuildFile; fileRef = E84CEC28142A2B98008B3E3E /* CoreGraphics.framework */; };
		E84CEC2B142A2B98008B3E3E /* QuartzCore.framework in Frameworks */ = {isa = PBXBuildFile; fileRef = E84CEC2A142A2B98008B3E3E /* QuartzCore.framework */; };
		E84CEC2D142A2B98008B3E3E /* OpenGLES.framework in Frameworks */ = {isa = PBXBuildFile; fileRef = E84CEC2C142A2B98008B3E3E /* OpenGLES.framework */; };
		E84CEC33142A2B98008B3E3E /* InfoPlist.strings in Resources */ = {isa = PBXBuildFile; fileRef = E84CEC31142A2B98008B3E3E /* InfoPlist.strings */; };
		E84CEC35142A2B98008B3E3E /* main.m in Sources */ = {isa = PBXBuildFile; fileRef = E84CEC34142A2B98008B3E3E /* main.m */; };
		E84CEC39142A2B98008B3E3E /* AppDelegate.mm in Sources */ = {isa = PBXBuildFile; fileRef = E84CEC38142A2B98008B3E3E /* AppDelegate.mm */; };
		E84CEC3C142A2B98008B3E3E /* MainWindow.xib in Resources */ = {isa = PBXBuildFile; fileRef = E84CEC3A142A2B98008B3E3E /* MainWindow.xib */; };
		E84CEC43142A2B98008B3E3E /* EAGLView.mm in Sources */ = {isa = PBXBuildFile; fileRef = E84CEC42142A2B98008B3E3E /* EAGLView.mm */; };
		E84CEC46142A2B98008B3E3E /* potionCodeViewController.mm in Sources */ = {isa = PBXBuildFile; fileRef = E84CEC45142A2B98008B3E3E /* potionCodeViewController.mm */; };
		E84CEC49142A2B98008B3E3E /* potionCodeViewController.xib in Resources */ = {isa = PBXBuildFile; fileRef = E84CEC47142A2B98008B3E3E /* potionCodeViewController.xib */; };
		E84CECAA142A7A35008B3E3E /* CoreText.framework in Frameworks */ = {isa = PBXBuildFile; fileRef = E84CECA9142A7A35008B3E3E /* CoreText.framework */; };
		E84CECAC142A7A42008B3E3E /* libbz2.1.0.dylib in Frameworks */ = {isa = PBXBuildFile; fileRef = E84CECAB142A7A42008B3E3E /* libbz2.1.0.dylib */; };
		E84CECB2142A8E5B008B3E3E /* TestObj.cpp in Sources */ = {isa = PBXBuildFile; fileRef = E84CECB1142A8E5B008B3E3E /* TestObj.cpp */; };
/* End PBXBuildFile section */

/* Begin PBXFileReference section */
		E8437D27143BAF3200AA7D12 /* apple.jpg */ = {isa = PBXFileReference; lastKnownFileType = image.jpeg; path = apple.jpg; sourceTree = "<group>"; };
		E84CEC20142A2B98008B3E3E /* touchEventTest.app */ = {isa = PBXFileReference; explicitFileType = wrapper.application; includeInIndex = 0; path = touchEventTest.app; sourceTree = BUILT_PRODUCTS_DIR; };
		E84CEC24142A2B98008B3E3E /* UIKit.framework */ = {isa = PBXFileReference; lastKnownFileType = wrapper.framework; name = UIKit.framework; path = System/Library/Frameworks/UIKit.framework; sourceTree = SDKROOT; };
		E84CEC26142A2B98008B3E3E /* Foundation.framework */ = {isa = PBXFileReference; lastKnownFileType = wrapper.framework; name = Foundation.framework; path = System/Library/Frameworks/Foundation.framework; sourceTree = SDKROOT; };
		E84CEC28142A2B98008B3E3E /* CoreGraphics.framework */ = {isa = PBXFileReference; lastKnownFileType = wrapper.framework; name = CoreGraphics.framework; path = System/Library/Frameworks/CoreGraphics.framework; sourceTree = SDKROOT; };
		E84CEC2A142A2B98008B3E3E /* QuartzCore.framework */ = {isa = PBXFileReference; lastKnownFileType = wrapper.framework; name = QuartzCore.framework; path = System/Library/Frameworks/QuartzCore.framework; sourceTree = SDKROOT; };
		E84CEC2C142A2B98008B3E3E /* OpenGLES.framework */ = {isa = PBXFileReference; lastKnownFileType = wrapper.framework; name = OpenGLES.framework; path = System/Library/Frameworks/OpenGLES.framework; sourceTree = SDKROOT; };
		E84CEC30142A2B98008B3E3E /* touchEventTest-Info.plist */ = {isa = PBXFileReference; path = "touchEventTest-Info.plist"; sourceTree = "<group>"; };
		E84CEC32142A2B98008B3E3E /* en */ = {isa = PBXFileReference; lastKnownFileType = text.plist.strings; name = en; path = en.lproj/InfoPlist.strings; sourceTree = "<group>"; };
		E84CEC34142A2B98008B3E3E /* main.m */ = {isa = PBXFileReference; lastKnownFileType = sourcecode.c.objc; path = main.m; sourceTree = "<group>"; };
		E84CEC36142A2B98008B3E3E /* touchEventTest-Prefix.pch */ = {isa = PBXFileReference; path = "touchEventTest-Prefix.pch"; sourceTree = "<group>"; };
		E84CEC37142A2B98008B3E3E /* AppDelegate.h */ = {isa = PBXFileReference; lastKnownFileType = sourcecode.c.h; path = AppDelegate.h; sourceTree = "<group>"; };
		E84CEC38142A2B98008B3E3E /* AppDelegate.mm */ = {isa = PBXFileReference; lastKnownFileType = sourcecode.cpp.objcpp; path = AppDelegate.mm; sourceTree = "<group>"; };
		E84CEC3B142A2B98008B3E3E /* en */ = {isa = PBXFileReference; lastKnownFileType = file.xib; name = en; path = en.lproj/MainWindow.xib; sourceTree = "<group>"; };
		E84CEC41142A2B98008B3E3E /* EAGLView.h */ = {isa = PBXFileReference; lastKnownFileType = sourcecode.c.h; path = EAGLView.h; sourceTree = "<group>"; };
		E84CEC42142A2B98008B3E3E /* EAGLView.mm */ = {isa = PBXFileReference; lastKnownFileType = sourcecode.cpp.objcpp; path = EAGLView.mm; sourceTree = "<group>"; };
		E84CEC44142A2B98008B3E3E /* potionCodeViewController.h */ = {isa = PBXFileReference; lastKnownFileType = sourcecode.c.h; path = potionCodeViewController.h; sourceTree = "<group>"; };
		E84CEC45142A2B98008B3E3E /* potionCodeViewController.mm */ = {isa = PBXFileReference; lastKnownFileType = sourcecode.cpp.objcpp; path = potionCodeViewController.mm; sourceTree = "<group>"; };
		E84CEC48142A2B98008B3E3E /* en */ = {isa = PBXFileReference; lastKnownFileType = file.xib; name = en; path = en.lproj/potionCodeViewController.xib; sourceTree = "<group>"; };
		E84CECA9142A7A35008B3E3E /* CoreText.framework */ = {isa = PBXFileReference; lastKnownFileType = wrapper.framework; name = CoreText.framework; path = System/Library/Frameworks/CoreText.framework; sourceTree = SDKROOT; };
		E84CECAB142A7A42008B3E3E /* libbz2.1.0.dylib */ = {isa = PBXFileReference; lastKnownFileType = "compiled.mach-o.dylib"; name = libbz2.1.0.dylib; path = usr/lib/libbz2.1.0.dylib; sourceTree = SDKROOT; };
		E84CECB1142A8E5B008B3E3E /* TestObj.cpp */ = {isa = PBXFileReference; fileEncoding = 4; lastKnownFileType = sourcecode.cpp.cpp; path = TestObj.cpp; sourceTree = "<group>"; };
		E84CECB3142A8E73008B3E3E /* TestObj.h */ = {isa = PBXFileReference; fileEncoding = 4; lastKnownFileType = sourcecode.c.h; path = TestObj.h; sourceTree = "<group>"; };
/* End PBXFileReference section */

/* Begin PBXFrameworksBuildPhase section */
		E84CEC1D142A2B98008B3E3E /* Frameworks */ = {
			isa = PBXFrameworksBuildPhase;
			buildActionMask = 2147483647;
			files = (
				E84CECAC142A7A42008B3E3E /* libbz2.1.0.dylib in Frameworks */,
				E84CECAA142A7A35008B3E3E /* CoreText.framework in Frameworks */,
				E84CEC25142A2B98008B3E3E /* UIKit.framework in Frameworks */,
				E84CEC27142A2B98008B3E3E /* Foundation.framework in Frameworks */,
				E84CEC29142A2B98008B3E3E /* CoreGraphics.framework in Frameworks */,
				E84CEC2B142A2B98008B3E3E /* QuartzCore.framework in Frameworks */,
				E84CEC2D142A2B98008B3E3E /* OpenGLES.framework in Frameworks */,
			);
			runOnlyForDeploymentPostprocessing = 0;
		};
/* End PBXFrameworksBuildPhase section */

/* Begin PBXGroup section */
		E8437D25143BAEE700AA7D12 /* textures */ = {
			isa = PBXGroup;
			children = (
				E8437D27143BAF3200AA7D12 /* apple.jpg */,
			);
			name = textures;
			sourceTree = "<group>";
		};
		E84CEC15142A2B98008B3E3E = {
			isa = PBXGroup;
			children = (
				E8437D25143BAEE700AA7D12 /* textures */,
				E84CEC2E142A2B98008B3E3E /* potionCode */,
				E84CEC23142A2B98008B3E3E /* Frameworks */,
				E84CEC21142A2B98008B3E3E /* Products */,
			);
			sourceTree = "<group>";
		};
		E84CEC21142A2B98008B3E3E /* Products */ = {
			isa = PBXGroup;
			children = (
				E84CEC20142A2B98008B3E3E /* touchEventTest.app */,
			);
			name = Products;
			sourceTree = "<group>";
		};
		E84CEC23142A2B98008B3E3E /* Frameworks */ = {
			isa = PBXGroup;
			children = (
				E84CECA9142A7A35008B3E3E /* CoreText.framework */,
				E84CEC24142A2B98008B3E3E /* UIKit.framework */,
				E84CEC26142A2B98008B3E3E /* Foundation.framework */,
				E84CEC28142A2B98008B3E3E /* CoreGraphics.framework */,
				E84CEC2A142A2B98008B3E3E /* QuartzCore.framework */,
				E84CEC2C142A2B98008B3E3E /* OpenGLES.framework */,
				E84CECAB142A7A42008B3E3E /* libbz2.1.0.dylib */,
			);
			name = Frameworks;
			sourceTree = "<group>";
		};
		E84CEC2E142A2B98008B3E3E /* potionCode */ = {
			isa = PBXGroup;
			children = (
				E84CEC37142A2B98008B3E3E /* AppDelegate.h */,
				E84CEC38142A2B98008B3E3E /* AppDelegate.mm */,
				E84CEC44142A2B98008B3E3E /* potionCodeViewController.h */,
				E84CEC45142A2B98008B3E3E /* potionCodeViewController.mm */,
				E84CEC41142A2B98008B3E3E /* EAGLView.h */,
				E84CEC42142A2B98008B3E3E /* EAGLView.mm */,
				E84CECB3142A8E73008B3E3E /* TestObj.h */,
				E84CECB1142A8E5B008B3E3E /* TestObj.cpp */,
				E84CEC2F142A2B98008B3E3E /* Supporting Files */,
			);
			path = potionCode;
			sourceTree = "<group>";
		};
		E84CEC2F142A2B98008B3E3E /* Supporting Files */ = {
			isa = PBXGroup;
			children = (
				E84CEC47142A2B98008B3E3E /* potionCodeViewController.xib */,
				E84CEC3A142A2B98008B3E3E /* MainWindow.xib */,
				E84CEC30142A2B98008B3E3E /* touchEventTest-Info.plist */,
				E84CEC31142A2B98008B3E3E /* InfoPlist.strings */,
				E84CEC34142A2B98008B3E3E /* main.m */,
				E84CEC36142A2B98008B3E3E /* touchEventTest-Prefix.pch */,
			);
			name = "Supporting Files";
			sourceTree = "<group>";
		};
/* End PBXGroup section */

/* Begin PBXNativeTarget section */
		E84CEC1F142A2B98008B3E3E /* touchEventTest */ = {
			isa = PBXNativeTarget;
			buildConfigurationList = E84CEC4C142A2B98008B3E3E /* Build configuration list for PBXNativeTarget "touchEventTest" */;
			buildPhases = (
				E84CEC1C142A2B98008B3E3E /* Sources */,
				E84CEC1D142A2B98008B3E3E /* Frameworks */,
				E84CEC1E142A2B98008B3E3E /* Resources */,
			);
			buildRules = (
			);
			dependencies = (
			);
			name = touchEventTest;
			productName = potionCode;
			productReference = E84CEC20142A2B98008B3E3E /* touchEventTest.app */;
			productType = "com.apple.product-type.application";
		};
/* End PBXNativeTarget section */

/* Begin PBXProject section */
		E84CEC17142A2B98008B3E3E /* Project object */ = {
			isa = PBXProject;
			attributes = {
				LastUpgradeCheck = 0420;
				ORGANIZATIONNAME = "Potion Design";
			};
			buildConfigurationList = E84CEC1A142A2B98008B3E3E /* Build configuration list for PBXProject "touchEventTest" */;
			compatibilityVersion = "Xcode 3.2";
			developmentRegion = English;
			hasScannedForEncodings = 0;
			knownRegions = (
				en,
			);
			mainGroup = E84CEC15142A2B98008B3E3E;
			productRefGroup = E84CEC21142A2B98008B3E3E /* Products */;
			projectDirPath = "";
			projectRoot = "";
			targets = (
				E84CEC1F142A2B98008B3E3E /* touchEventTest */,
			);
		};
/* End PBXProject section */

/* Begin PBXResourcesBuildPhase section */
		E84CEC1E142A2B98008B3E3E /* Resources */ = {
			isa = PBXResourcesBuildPhase;
			buildActionMask = 2147483647;
			files = (
				E84CEC33142A2B98008B3E3E /* InfoPlist.strings in Resources */,
				E84CEC3C142A2B98008B3E3E /* MainWindow.xib in Resources */,
				E84CEC49142A2B98008B3E3E /* potionCodeViewController.xib in Resources */,
				E8437D28143BAF3200AA7D12 /* apple.jpg in Resources */,
			);
			runOnlyForDeploymentPostprocessing = 0;
		};
/* End PBXResourcesBuildPhase section */

/* Begin PBXSourcesBuildPhase section */
		E84CEC1C142A2B98008B3E3E /* Sources */ = {
			isa = PBXSourcesBuildPhase;
			buildActionMask = 2147483647;
			files = (
				E84CEC35142A2B98008B3E3E /* main.m in Sources */,
				E84CEC39142A2B98008B3E3E /* AppDelegate.mm in Sources */,
				E84CEC43142A2B98008B3E3E /* EAGLView.mm in Sources */,
				E84CEC46142A2B98008B3E3E /* potionCodeViewController.mm in Sources */,
				E84CECB2142A8E5B008B3E3E /* TestObj.cpp in Sources */,
			);
			runOnlyForDeploymentPostprocessing = 0;
		};
/* End PBXSourcesBuildPhase section */

/* Begin PBXVariantGroup section */
		E84CEC31142A2B98008B3E3E /* InfoPlist.strings */ = {
			isa = PBXVariantGroup;
			children = (
				E84CEC32142A2B98008B3E3E /* en */,
			);
			name = InfoPlist.strings;
			sourceTree = "<group>";
		};
		E84CEC3A142A2B98008B3E3E /* MainWindow.xib */ = {
			isa = PBXVariantGroup;
			children = (
				E84CEC3B142A2B98008B3E3E /* en */,
			);
			name = MainWindow.xib;
			sourceTree = "<group>";
		};
		E84CEC47142A2B98008B3E3E /* potionCodeViewController.xib */ = {
			isa = PBXVariantGroup;
			children = (
				E84CEC48142A2B98008B3E3E /* en */,
			);
			name = potionCodeViewController.xib;
			sourceTree = "<group>";
		};
/* End PBXVariantGroup section */

/* Begin XCBuildConfiguration section */
		E84CEC4A142A2B98008B3E3E /* Debug */ = {
			isa = XCBuildConfiguration;
			buildSettings = {
				ALWAYS_SEARCH_USER_PATHS = NO;
				ARCHS = "$(ARCHS_UNIVERSAL_IPHONE_OS)";
				CODE_SIGN_IDENTITY = "iPhone Developer";
				"CODE_SIGN_IDENTITY[sdk=iphoneos*]" = "iPhone Developer: Stephen Varga (2CG8PFD9BX)";
				COPY_PHASE_STRIP = NO;
				GCC_C_LANGUAGE_STANDARD = gnu99;
				GCC_DYNAMIC_NO_PIC = NO;
				GCC_OPTIMIZATION_LEVEL = 0;
				GCC_PREPROCESSOR_DEFINITIONS = (
					"DEBUG=1",
					"$(inherited)",
				);
				GCC_SYMBOLS_PRIVATE_EXTERN = YES;
				GCC_THREADSAFE_STATICS = YES;
				GCC_VERSION = com.apple.compilers.llvmgcc42;
				GCC_WARN_ABOUT_MISSING_PROTOTYPES = NO;
				GCC_WARN_ABOUT_RETURN_TYPE = NO;
				GCC_WARN_UNUSED_VARIABLE = NO;
				IPHONEOS_DEPLOYMENT_TARGET = 4.3;
				PROVISIONING_PROFILE = "";
				"PROVISIONING_PROFILE[sdk=iphoneos*]" = "8513F18B-7A5A-4D0D-8449-04C912B11A05";
				SDKROOT = iphoneos;
				TARGETED_DEVICE_FAMILY = 2;
			};
			name = Debug;
		};
		E84CEC4B142A2B98008B3E3E /* Release */ = {
			isa = XCBuildConfiguration;
			buildSettings = {
				ALWAYS_SEARCH_USER_PATHS = NO;
				ARCHS = "$(ARCHS_UNIVERSAL_IPHONE_OS)";
				CODE_SIGN_IDENTITY = "iPhone Developer";
				"CODE_SIGN_IDENTITY[sdk=iphoneos*]" = "iPhone Developer";
				COPY_PHASE_STRIP = YES;
				GCC_C_LANGUAGE_STANDARD = gnu99;
				GCC_SYMBOLS_PRIVATE_EXTERN = YES;
				GCC_THREADSAFE_STATICS = YES;
				GCC_VERSION = com.apple.compilers.llvmgcc42;
				GCC_WARN_ABOUT_MISSING_PROTOTYPES = NO;
				GCC_WARN_ABOUT_RETURN_TYPE = NO;
				GCC_WARN_UNUSED_VARIABLE = NO;
				IPHONEOS_DEPLOYMENT_TARGET = 4.3;
				OTHER_CFLAGS = "-DNS_BLOCK_ASSERTIONS=1";
				PROVISIONING_PROFILE = "";
				"PROVISIONING_PROFILE[sdk=iphoneos*]" = "";
				SDKROOT = iphoneos;
				TARGETED_DEVICE_FAMILY = 2;
				VALIDATE_PRODUCT = YES;
			};
			name = Release;
		};
		E84CEC4D142A2B98008B3E3E /* Debug */ = {
			isa = XCBuildConfiguration;
			buildSettings = {
				CODE_SIGN_IDENTITY = "iPhone Developer: Stephen Varga (2CG8PFD9BX)";
				"CODE_SIGN_IDENTITY[sdk=iphoneos*]" = "iPhone Developer: Stephen Varga (7U5Z4CP7Z6)";
				GCC_PRECOMPILE_PREFIX_HEADER = YES;
				GCC_PREFIX_HEADER = "potionCode/touchEventTest-Prefix.pch";
				"GCC_THUMB_SUPPORT[arch=armv6]" = "";
				GCC_VERSION = com.apple.compilers.llvm.clang.1_0;
				HEADER_SEARCH_PATHS = (
					/PotionCode/libraries/pugixml,
					/PotionCode/libraries/Boost/boost_1_45_0,
					/PotionCode/libraries/FreeImage,
					/PotionCode/libraries/FreeType,
					/PotionCode/libraries/utf8,
					/PotionCode/libraries/libMikko,
					/PotionCode/libraries,
				);
				INFOPLIST_FILE = "potionCode/touchEventTest-Info.plist";
				IPHONEOS_DEPLOYMENT_TARGET = 4.3;
				LD_NO_PIE = YES;
				OTHER_LDFLAGS = /PotionCode/libraries/potionCode/libPotionCode_ios_d.a;
				PRODUCT_NAME = touchEventTest;
				PROVISIONING_PROFILE = "8513F18B-7A5A-4D0D-8449-04C912B11A05";
				"PROVISIONING_PROFILE[sdk=iphoneos*]" = "5FA82548-64BB-4406-A127-A51712488520";
				TARGETED_DEVICE_FAMILY = 2;
				USER_HEADER_SEARCH_PATHS = /PotionCode/libraries/potionCode/include;
				WRAPPER_EXTENSION = app;
			};
			name = Debug;
		};
		E84CEC4E142A2B98008B3E3E /* Release */ = {
			isa = XCBuildConfiguration;
			buildSettings = {
				CODE_SIGN_IDENTITY = "iPhone Developer: Stephen Varga (2CG8PFD9BX)";
				"CODE_SIGN_IDENTITY[sdk=iphoneos*]" = "iPhone Developer: Stephen Varga (2CG8PFD9BX)";
				GCC_PRECOMPILE_PREFIX_HEADER = YES;
				GCC_PREFIX_HEADER = "potionCode/touchEventTest-Prefix.pch";
				"GCC_THUMB_SUPPORT[arch=armv6]" = "";
				GCC_VERSION = com.apple.compilers.llvm.clang.1_0;
				HEADER_SEARCH_PATHS = (
					/PotionCode/libraries/pugixml,
					/PotionCode/libraries/Boost/boost_1_45_0,
					/PotionCode/libraries/FreeImage,
					/PotionCode/libraries/FreeType,
					/PotionCode/libraries/utf8,
					/PotionCode/libraries/libMikko,
					/PotionCode/libraries,
				);
				INFOPLIST_FILE = "potionCode/touchEventTest-Info.plist";
				IPHONEOS_DEPLOYMENT_TARGET = 4.3;
				LD_NO_PIE = YES;
				OTHER_LDFLAGS = /PotionCode/libraries/potionCode/libPotionCode_ios_d.a;
				PRODUCT_NAME = touchEventTest;
				PROVISIONING_PROFILE = "8513F18B-7A5A-4D0D-8449-04C912B11A05";
				"PROVISIONING_PROFILE[sdk=iphoneos*]" = "8513F18B-7A5A-4D0D-8449-04C912B11A05";
				TARGETED_DEVICE_FAMILY = 2;
				USER_HEADER_SEARCH_PATHS = /PotionCode/libraries/potionCode/include;
				WRAPPER_EXTENSION = app;
			};
			name = Release;
		};
/* End XCBuildConfiguration section */

/* Begin XCConfigurationList section */
		E84CEC1A142A2B98008B3E3E /* Build configuration list for PBXProject "touchEventTest" */ = {
			isa = XCConfigurationList;
			buildConfigurations = (
				E84CEC4A142A2B98008B3E3E /* Debug */,
				E84CEC4B142A2B98008B3E3E /* Release */,
			);
			defaultConfigurationIsVisible = 0;
			defaultConfigurationName = Release;
		};
		E84CEC4C142A2B98008B3E3E /* Build configuration list for PBXNativeTarget "touchEventTest" */ = {
			isa = XCConfigurationList;
			buildConfigurations = (
				E84CEC4D142A2B98008B3E3E /* Debug */,
				E84CEC4E142A2B98008B3E3E /* Release */,
			);
			defaultConfigurationIsVisible = 0;
			defaultConfigurationName = Release;
		};
/* End XCConfigurationList section */
	};
	rootObject = E84CEC17142A2B98008B3E3E /* Project object */;
}
